
Microsoft Visual Studio Solution File, Format Version 12.00
# Visual Studio Version 17
VisualStudioVersion = 17.8.34330.188
MinimumVisualStudioVersion = 10.0.40219.1
Project("{FAE04EC0-301F-11D3-BF4B-00C04F79EFBC}") = "WebAPI", "WebAPI\WebAPI.csproj", "{9244F362-FF9D-4C05-858B-3D8D1D6DA1C0}"
EndProject
Global
	GlobalSection(SolutionConfigurationPlatforms) = preSolution
		Debug|Any CPU = Debug|Any CPU
		Release|Any CPU = Release|Any CPU
	EndGlobalSection
	GlobalSection(ProjectConfigurationPlatforms) = postSolution
		{9244F362-FF9D-4C05-858B-3D8D1D6DA1C0}.Debug|Any CPU.ActiveCfg = Debug|Any CPU
		{9244F362-FF9D-4C05-858B-3D8D1D6DA1C0}.Debug|Any CPU.Build.0 = Debug|Any CPU
		{9244F362-FF9D-4C05-858B-3D8D1D6DA1C0}.Release|Any CPU.ActiveCfg = Release|Any CPU
		{9244F362-FF9D-4C05-858B-3D8D1D6DA1C0}.Release|Any CPU.Build.0 = Release|Any CPU
	EndGlobalSection
	GlobalSection(SolutionProperties) = preSolution
		HideSolutionNode = FALSE
	EndGlobalSection
	GlobalSection(ExtensibilityGlobals) = postSolution
		SolutionGuid = {DFCE712F-1C43-4C3A-B662-D6AA10043FD4}
	EndGlobalSection
EndGlobal
